<?xml version="1.0" encoding="utf-8"?>
<Project ToolsVersion="4.0" xmlns="http://schemas.microsoft.com/developer/msbuild/2003">
  <ItemGroup>
    <Filter Include="Source Files">
      <UniqueIdentifier>{4FC737F1-C7A5-4376-A066-2A32D752A2FF}</UniqueIdentifier>
      <Extensions>cpp;c;cc;cxx;def;odl;idl;hpj;bat;asm;asmx</Extensions>
    </Filter>
    <Filter Include="Header Files">
      <UniqueIdentifier>{93995380-89BD-4b04-88EB-625FBE52EBFB}</UniqueIdentifier>
      <Extensions>h;hh;hpp;hxx;hm;inl;inc;xsd</Extensions>
    </Filter>
    <Filter Include="Resource Files">
      <UniqueIdentifier>{67DA6AB6-F800-4c08-8B7A-83BB121AAD01}</UniqueIdentifier>
      <Extensions>rc;ico;cur;bmp;dlg;rc2;rct;bin;rgs;gif;jpg;jpeg;jpe;resx;tiff;tif;png;wav;mfcribbon-ms</Extensions>
    </Filter>
    <Filter Include="Source Files\32-bit Files">
      <UniqueIdentifier>{686e649e-2359-4dc1-85b5-d25ac310dcc1}</UniqueIdentifier>
    </Filter>
    <Filter Include="Source Files\64-bit Files">
      <UniqueIdentifier>{3cab46ba-f60a-4777-9d0d-fa03c047489d}</UniqueIdentifier>
    </Filter>
    <Filter Include="Source Files\Util">
      <UniqueIdentifier>{e567712a-4c69-413a-bb4d-c4cbfdec854e}</UniqueIdentifier>
    </Filter>
  </ItemGroup>
  <ItemGroup>
    <Text Include="ReadMe.txt" />
  </ItemGroup>
  <ItemGroup>
    <MASM Include="x86\EntryPoint.asm">
      <Filter>Source Files\32-bit Files</Filter>
    </MASM>
    <MASM Include="x86\TrapHeader.asm">
      <Filter>Source Files\32-bit Files</Filter>
    </MASM>
    <MASM Include="x86_64\EntryPoint.asm">
      <Filter>Source Files\64-bit Files</Filter>
    </MASM>
    <MASM Include="x86_64\TrapHeader.asm">
      <Filter>Source Files\64-bit Files</Filter>
    </MASM>
  </ItemGroup>
  <ItemGroup>
    <ClCompile Include="..\RandoLib.cpp">
      <Filter>Source Files</Filter>
    </ClCompile>
    <ClCompile Include="OSImpl.cpp">
      <Filter>Source Files</Filter>
    </ClCompile>
    <ClCompile Include="x86\Relocation.cpp">
      <Filter>Source Files\32-bit Files</Filter>
    </ClCompile>
    <ClCompile Include="..\arch\x86\Util.cpp">
      <Filter>Source Files\32-bit Files</Filter>
    </ClCompile>
    <ClCompile Include="..\arch\x86_64\Util.cpp">
      <Filter>Source Files\64-bit Files</Filter>
    </ClCompile>
    <ClCompile Include="x86_64\Relocation.cpp">
      <Filter>Source Files\64-bit Files</Filter>
    </ClCompile>
    <ClCompile Include="..\util\hash_32a.c">
      <Filter>Source Files\Util</Filter>
    </ClCompile>
    <ClCompile Include="..\util\printf.cpp">
      <Filter>Source Files\Util</Filter>
    </ClCompile>
    <ClCompile Include="..\util\qsort.c">
      <Filter>Source Files\Util</Filter>
    </ClCompile>
    <ClCompile Include="..\util\strtol.c">
      <Filter>Source Files\Util</Filter>
    </ClCompile>
    <ClCompile Include="..\util\rand_chacha.cpp">
      <Filter>Source Files</Filter>
    </ClCompile>
  </ItemGroup>
  <ItemGroup>
    <ClInclude Include="..\util\fnv.h">
      <Filter>Header Files</Filter>
    </ClInclude>
    <ClInclude Include="..\..\TrapInfo\TrapInfo.h">
      <Filter>Header Files</Filter>
    </ClInclude>
    <ClInclude Include="..\..\TrapInfo\TrapInfoRelocs.h">
      <Filter>Header Files</Filter>
    </ClInclude>
    <ClInclude Include="..\OS.h">
      <Filter>Header Files</Filter>
    </ClInclude>
    <ClInclude Include="..\RandoLib.h">
      <Filter>Header Files</Filter>
    </ClInclude>
    <ClInclude Include="OSDefs.h">
      <Filter>Header Files</Filter>
    </ClInclude>
    <ClInclude Include="OSImpl.h">
      <Filter>Header Files</Filter>
    </ClInclude>
    <ClInclude Include="OSModule.h">
      <Filter>Header Files</Filter>
    </ClInclude>
    <ClInclude Include="..\util\chacha_private.h">
      <Filter>Header Files</Filter>
    </ClInclude>
  </ItemGroup>
  <ItemGroup>
    <None Include="..\SConscript" />
    <None Include="SysFunctions.inc">
      <Filter>Source Files</Filter>
    </None>
  </ItemGroup>
</Project>